
Microsoft Visual Studio Solution File, Format Version 12.00
# Visual Studio 15
VisualStudioVersion = 15.0.26124.0
MinimumVisualStudioVersion = 15.0.26124.0
Project("{2150E333-8FDC-42A3-9474-1A3956D46DE8}") = "src", "src", "{DA7A5896-0A74-4B27-9B1E-FA1B874CCEBD}"
EndProject
Project("{FAE04EC0-301F-11D3-BF4B-00C04F79EFBC}") = "StoreBuild.Domain", "src\StoreBuild.Domain\StoreBuild.Domain.csproj", "{6BDF959E-3022-437C-8AE2-BDBC3C7E7623}"
EndProject
Project("{FAE04EC0-301F-11D3-BF4B-00C04F79EFBC}") = "StoreBuild.Data", "src\StoreBuild.Data\StoreBuild.Data.csproj", "{0D7C5260-8F96-4061-85A7-17C01B6BF598}"
EndProject
Project("{FAE04EC0-301F-11D3-BF4B-00C04F79EFBC}") = "StoreBuild.DI", "src\StoreBuild.DI\StoreBuild.DI.csproj", "{4AF3584B-8703-4141-B2F9-038744EC0E7E}"
EndProject
Global
	GlobalSection(SolutionConfigurationPlatforms) = preSolution
		Debug|Any CPU = Debug|Any CPU
		Debug|x64 = Debug|x64
		Debug|x86 = Debug|x86
		Release|Any CPU = Release|Any CPU
		Release|x64 = Release|x64
		Release|x86 = Release|x86
	EndGlobalSection
	GlobalSection(SolutionProperties) = preSolution
		HideSolutionNode = FALSE
	EndGlobalSection
	GlobalSection(ProjectConfigurationPlatforms) = postSolution
		{6BDF959E-3022-437C-8AE2-BDBC3C7E7623}.Debug|Any CPU.ActiveCfg = Debug|Any CPU
		{6BDF959E-3022-437C-8AE2-BDBC3C7E7623}.Debug|Any CPU.Build.0 = Debug|Any CPU
		{6BDF959E-3022-437C-8AE2-BDBC3C7E7623}.Debug|x64.ActiveCfg = Debug|x64
		{6BDF959E-3022-437C-8AE2-BDBC3C7E7623}.Debug|x64.Build.0 = Debug|x64
		{6BDF959E-3022-437C-8AE2-BDBC3C7E7623}.Debug|x86.ActiveCfg = Debug|x86
		{6BDF959E-3022-437C-8AE2-BDBC3C7E7623}.Debug|x86.Build.0 = Debug|x86
		{6BDF959E-3022-437C-8AE2-BDBC3C7E7623}.Release|Any CPU.ActiveCfg = Release|Any CPU
		{6BDF959E-3022-437C-8AE2-BDBC3C7E7623}.Release|Any CPU.Build.0 = Release|Any CPU
		{6BDF959E-3022-437C-8AE2-BDBC3C7E7623}.Release|x64.ActiveCfg = Release|x64
		{6BDF959E-3022-437C-8AE2-BDBC3C7E7623}.Release|x64.Build.0 = Release|x64
		{6BDF959E-3022-437C-8AE2-BDBC3C7E7623}.Release|x86.ActiveCfg = Release|x86
		{6BDF959E-3022-437C-8AE2-BDBC3C7E7623}.Release|x86.Build.0 = Release|x86
		{0D7C5260-8F96-4061-85A7-17C01B6BF598}.Debug|Any CPU.ActiveCfg = Debug|Any CPU
		{0D7C5260-8F96-4061-85A7-17C01B6BF598}.Debug|Any CPU.Build.0 = Debug|Any CPU
		{0D7C5260-8F96-4061-85A7-17C01B6BF598}.Debug|x64.ActiveCfg = Debug|x64
		{0D7C5260-8F96-4061-85A7-17C01B6BF598}.Debug|x64.Build.0 = Debug|x64
		{0D7C5260-8F96-4061-85A7-17C01B6BF598}.Debug|x86.ActiveCfg = Debug|x86
		{0D7C5260-8F96-4061-85A7-17C01B6BF598}.Debug|x86.Build.0 = Debug|x86
		{0D7C5260-8F96-4061-85A7-17C01B6BF598}.Release|Any CPU.ActiveCfg = Release|Any CPU
		{0D7C5260-8F96-4061-85A7-17C01B6BF598}.Release|Any CPU.Build.0 = Release|Any CPU
		{0D7C5260-8F96-4061-85A7-17C01B6BF598}.Release|x64.ActiveCfg = Release|x64
		{0D7C5260-8F96-4061-85A7-17C01B6BF598}.Release|x64.Build.0 = Release|x64
		{0D7C5260-8F96-4061-85A7-17C01B6BF598}.Release|x86.ActiveCfg = Release|x86
		{0D7C5260-8F96-4061-85A7-17C01B6BF598}.Release|x86.Build.0 = Release|x86
		{4AF3584B-8703-4141-B2F9-038744EC0E7E}.Debug|Any CPU.ActiveCfg = Debug|Any CPU
		{4AF3584B-8703-4141-B2F9-038744EC0E7E}.Debug|Any CPU.Build.0 = Debug|Any CPU
		{4AF3584B-8703-4141-B2F9-038744EC0E7E}.Debug|x64.ActiveCfg = Debug|x64
		{4AF3584B-8703-4141-B2F9-038744EC0E7E}.Debug|x64.Build.0 = Debug|x64
		{4AF3584B-8703-4141-B2F9-038744EC0E7E}.Debug|x86.ActiveCfg = Debug|x86
		{4AF3584B-8703-4141-B2F9-038744EC0E7E}.Debug|x86.Build.0 = Debug|x86
		{4AF3584B-8703-4141-B2F9-038744EC0E7E}.Release|Any CPU.ActiveCfg = Release|Any CPU
		{4AF3584B-8703-4141-B2F9-038744EC0E7E}.Release|Any CPU.Build.0 = Release|Any CPU
		{4AF3584B-8703-4141-B2F9-038744EC0E7E}.Release|x64.ActiveCfg = Release|x64
		{4AF3584B-8703-4141-B2F9-038744EC0E7E}.Release|x64.Build.0 = Release|x64
		{4AF3584B-8703-4141-B2F9-038744EC0E7E}.Release|x86.ActiveCfg = Release|x86
		{4AF3584B-8703-4141-B2F9-038744EC0E7E}.Release|x86.Build.0 = Release|x86
	EndGlobalSection
	GlobalSection(NestedProjects) = preSolution
		{6BDF959E-3022-437C-8AE2-BDBC3C7E7623} = {DA7A5896-0A74-4B27-9B1E-FA1B874CCEBD}
		{0D7C5260-8F96-4061-85A7-17C01B6BF598} = {DA7A5896-0A74-4B27-9B1E-FA1B874CCEBD}
		{4AF3584B-8703-4141-B2F9-038744EC0E7E} = {DA7A5896-0A74-4B27-9B1E-FA1B874CCEBD}
	EndGlobalSection
EndGlobal
